// !$*UTF8*$!
{
	archiveVersion = 1;
	classes = {
	};
	objectVersion = 56;
	objects = {

/* Begin PBXBuildFile section */
		55AC0E0E095C4F1C855982B4 /* Pods_TodoApp.framework in Frameworks */ = {isa = PBXBuildFile; fileRef = D220270BAD289AC9919D3C8A /* Pods_TodoApp.framework */; };
		91A903582B80B23E00C7F3E9 /* CheckListItem.swift in Sources */ = {isa = PBXBuildFile; fileRef = 91A903572B80B23E00C7F3E9 /* CheckListItem.swift */; };
		91A9035A2B82169800C7F3E9 /* ItemDetailViewController.swift in Sources */ = {isa = PBXBuildFile; fileRef = 91A903592B82169800C7F3E9 /* ItemDetailViewController.swift */; };
		91B519562B83365300054F7E /* AllListViewController.swift in Sources */ = {isa = PBXBuildFile; fileRef = 91B519552B83365300054F7E /* AllListViewController.swift */; };
		91C6AF222B8F398D00092DE0 /* GoogleService-Info.plist in Resources */ = {isa = PBXBuildFile; fileRef = 91C6AF212B8F398D00092DE0 /* GoogleService-Info.plist */; };
		91E409972B835B1E0092FD36 /* ListDetailViewController.swift in Sources */ = {isa = PBXBuildFile; fileRef = 91E409962B835B1E0092FD36 /* ListDetailViewController.swift */; };
		91EA4A122B89F1AD0070C333 /* PickIconViewController.swift in Sources */ = {isa = PBXBuildFile; fileRef = 91EA4A112B89F1AD0070C333 /* PickIconViewController.swift */; };
		91F2BE272B80916700994813 /* AppDelegate.swift in Sources */ = {isa = PBXBuildFile; fileRef = 91F2BE262B80916700994813 /* AppDelegate.swift */; };
		91F2BE292B80916700994813 /* SceneDelegate.swift in Sources */ = {isa = PBXBuildFile; fileRef = 91F2BE282B80916700994813 /* SceneDelegate.swift */; };
		91F2BE2E2B80916700994813 /* Main.storyboard in Resources */ = {isa = PBXBuildFile; fileRef = 91F2BE2C2B80916700994813 /* Main.storyboard */; };
		91F2BE302B80916800994813 /* Assets.xcassets in Resources */ = {isa = PBXBuildFile; fileRef = 91F2BE2F2B80916800994813 /* Assets.xcassets */; };
		91F2BE332B80916800994813 /* LaunchScreen.storyboard in Resources */ = {isa = PBXBuildFile; fileRef = 91F2BE312B80916800994813 /* LaunchScreen.storyboard */; };
		91F2BE3B2B8091E900994813 /* CheckListTableViewController.swift in Sources */ = {isa = PBXBuildFile; fileRef = 91F2BE3A2B8091E900994813 /* CheckListTableViewController.swift */; };
		91F785972B91D97C006FB5ED /* SignUpViewController.swift in Sources */ = {isa = PBXBuildFile; fileRef = 91F785962B91D97C006FB5ED /* SignUpViewController.swift */; };
		91F785992B91D98E006FB5ED /* LoginViewController.swift in Sources */ = {isa = PBXBuildFile; fileRef = 91F785982B91D98E006FB5ED /* LoginViewController.swift */; };
		91F785A32B92705A006FB5ED /* Signup.json in Resources */ = {isa = PBXBuildFile; fileRef = 91F785A12B92705A006FB5ED /* Signup.json */; };
		91F785A42B92705A006FB5ED /* Login-page.json in Resources */ = {isa = PBXBuildFile; fileRef = 91F785A22B92705A006FB5ED /* Login-page.json */; };
/* End PBXBuildFile section */

/* Begin PBXFileReference section */
		4B97FF5C56BF01A01566457A /* Pods-TodoApp.release.xcconfig */ = {isa = PBXFileReference; includeInIndex = 1; lastKnownFileType = text.xcconfig; name = "Pods-TodoApp.release.xcconfig"; path = "Target Support Files/Pods-TodoApp/Pods-TodoApp.release.xcconfig"; sourceTree = "<group>"; };
		91A903572B80B23E00C7F3E9 /* CheckListItem.swift */ = {isa = PBXFileReference; lastKnownFileType = sourcecode.swift; path = CheckListItem.swift; sourceTree = "<group>"; };
		91A903592B82169800C7F3E9 /* ItemDetailViewController.swift */ = {isa = PBXFileReference; lastKnownFileType = sourcecode.swift; path = ItemDetailViewController.swift; sourceTree = "<group>"; };
		91B519552B83365300054F7E /* AllListViewController.swift */ = {isa = PBXFileReference; lastKnownFileType = sourcecode.swift; path = AllListViewController.swift; sourceTree = "<group>"; };
		91C6AF212B8F398D00092DE0 /* GoogleService-Info.plist */ = {isa = PBXFileReference; fileEncoding = 4; lastKnownFileType = text.plist.xml; path = "GoogleService-Info.plist"; sourceTree = "<group>"; };
		91E409962B835B1E0092FD36 /* ListDetailViewController.swift */ = {isa = PBXFileReference; lastKnownFileType = sourcecode.swift; path = ListDetailViewController.swift; sourceTree = "<group>"; };
		91EA4A112B89F1AD0070C333 /* PickIconViewController.swift */ = {isa = PBXFileReference; lastKnownFileType = sourcecode.swift; path = PickIconViewController.swift; sourceTree = "<group>"; };
		91F2BE232B80916700994813 /* TodoApp.app */ = {isa = PBXFileReference; explicitFileType = wrapper.application; includeInIndex = 0; path = TodoApp.app; sourceTree = BUILT_PRODUCTS_DIR; };
		91F2BE262B80916700994813 /* AppDelegate.swift */ = {isa = PBXFileReference; lastKnownFileType = sourcecode.swift; path = AppDelegate.swift; sourceTree = "<group>"; };
		91F2BE282B80916700994813 /* SceneDelegate.swift */ = {isa = PBXFileReference; lastKnownFileType = sourcecode.swift; path = SceneDelegate.swift; sourceTree = "<group>"; };
		91F2BE2D2B80916700994813 /* Base */ = {isa = PBXFileReference; lastKnownFileType = file.storyboard; name = Base; path = Base.lproj/Main.storyboard; sourceTree = "<group>"; };
		91F2BE2F2B80916800994813 /* Assets.xcassets */ = {isa = PBXFileReference; lastKnownFileType = folder.assetcatalog; path = Assets.xcassets; sourceTree = "<group>"; };
		91F2BE322B80916800994813 /* Base */ = {isa = PBXFileReference; lastKnownFileType = file.storyboard; name = Base; path = Base.lproj/LaunchScreen.storyboard; sourceTree = "<group>"; };
		91F2BE342B80916800994813 /* Info.plist */ = {isa = PBXFileReference; lastKnownFileType = text.plist.xml; path = Info.plist; sourceTree = "<group>"; };
		91F2BE3A2B8091E900994813 /* CheckListTableViewController.swift */ = {isa = PBXFileReference; lastKnownFileType = sourcecode.swift; path = CheckListTableViewController.swift; sourceTree = "<group>"; };
		91F785962B91D97C006FB5ED /* SignUpViewController.swift */ = {isa = PBXFileReference; lastKnownFileType = sourcecode.swift; path = SignUpViewController.swift; sourceTree = "<group>"; };
		91F785982B91D98E006FB5ED /* LoginViewController.swift */ = {isa = PBXFileReference; lastKnownFileType = sourcecode.swift; path = LoginViewController.swift; sourceTree = "<group>"; };
		91F785A12B92705A006FB5ED /* Signup.json */ = {isa = PBXFileReference; fileEncoding = 4; lastKnownFileType = text.json; path = Signup.json; sourceTree = "<group>"; };
		91F785A22B92705A006FB5ED /* Login-page.json */ = {isa = PBXFileReference; fileEncoding = 4; lastKnownFileType = text.json; path = "Login-page.json"; sourceTree = "<group>"; };
		B659DCC12F451896BEFFE7F7 /* Pods-TodoApp.debug.xcconfig */ = {isa = PBXFileReference; includeInIndex = 1; lastKnownFileType = text.xcconfig; name = "Pods-TodoApp.debug.xcconfig"; path = "Target Support Files/Pods-TodoApp/Pods-TodoApp.debug.xcconfig"; sourceTree = "<group>"; };
		D220270BAD289AC9919D3C8A /* Pods_TodoApp.framework */ = {isa = PBXFileReference; explicitFileType = wrapper.framework; includeInIndex = 0; path = Pods_TodoApp.framework; sourceTree = BUILT_PRODUCTS_DIR; };
/* End PBXFileReference section */

/* Begin PBXFrameworksBuildPhase section */
		91F2BE202B80916700994813 /* Frameworks */ = {
			isa = PBXFrameworksBuildPhase;
			buildActionMask = 2147483647;
			files = (
				55AC0E0E095C4F1C855982B4 /* Pods_TodoApp.framework in Frameworks */,
			);
			runOnlyForDeploymentPostprocessing = 0;
		};
/* End PBXFrameworksBuildPhase section */

/* Begin PBXGroup section */
		3B20CF1635714116F761630B /* Frameworks */ = {
			isa = PBXGroup;
			children = (
				D220270BAD289AC9919D3C8A /* Pods_TodoApp.framework */,
			);
			name = Frameworks;
			sourceTree = "<group>";
		};
		9159CD7D2B88A443005B424C /* Model */ = {
			isa = PBXGroup;
			children = (
				91A903572B80B23E00C7F3E9 /* CheckListItem.swift */,
			);
			path = Model;
			sourceTree = "<group>";
		};
		9159CD7E2B88A455005B424C /* Views */ = {
			isa = PBXGroup;
			children = (
				91F2BE3A2B8091E900994813 /* CheckListTableViewController.swift */,
				91A903592B82169800C7F3E9 /* ItemDetailViewController.swift */,
				91B519552B83365300054F7E /* AllListViewController.swift */,
				91E409962B835B1E0092FD36 /* ListDetailViewController.swift */,
				91EA4A112B89F1AD0070C333 /* PickIconViewController.swift */,
			);
			path = Views;
			sourceTree = "<group>";
		};
		9159CD7F2B88A484005B424C /* App */ = {
			isa = PBXGroup;
			children = (
				91F2BE262B80916700994813 /* AppDelegate.swift */,
				91F2BE282B80916700994813 /* SceneDelegate.swift */,
			);
			path = App;
			sourceTree = "<group>";
		};
		91C6AF202B8F35F300092DE0 /* Auth */ = {
			isa = PBXGroup;
			children = (
				91F785962B91D97C006FB5ED /* SignUpViewController.swift */,
				91F785982B91D98E006FB5ED /* LoginViewController.swift */,
			);
			path = Auth;
			sourceTree = "<group>";
		};
		91F2BE1A2B80916700994813 = {
			isa = PBXGroup;
			children = (
				91F2BE252B80916700994813 /* TodoApp */,
				91F2BE242B80916700994813 /* Products */,
				BCD2E607C0C0CC969F8CFEA6 /* Pods */,
				3B20CF1635714116F761630B /* Frameworks */,
			);
			sourceTree = "<group>";
		};
		91F2BE242B80916700994813 /* Products */ = {
			isa = PBXGroup;
			children = (
				91F2BE232B80916700994813 /* TodoApp.app */,
			);
			name = Products;
			sourceTree = "<group>";
		};
		91F2BE252B80916700994813 /* TodoApp */ = {
			isa = PBXGroup;
			children = (
				91C6AF202B8F35F300092DE0 /* Auth */,
				9159CD7F2B88A484005B424C /* App */,
				9159CD7E2B88A455005B424C /* Views */,
				9159CD7D2B88A443005B424C /* Model */,
				91F7859A2B92688E006FB5ED /* Assets */,
				91F2BE2C2B80916700994813 /* Main.storyboard */,
				91F2BE312B80916800994813 /* LaunchScreen.storyboard */,
				91F2BE342B80916800994813 /* Info.plist */,
				91C6AF212B8F398D00092DE0 /* GoogleService-Info.plist */,
			);
			path = TodoApp;
			sourceTree = "<group>";
		};
		91F7859A2B92688E006FB5ED /* Assets */ = {
			isa = PBXGroup;
			children = (
				91F2BE2F2B80916800994813 /* Assets.xcassets */,
				91F785A22B92705A006FB5ED /* Login-page.json */,
				91F785A12B92705A006FB5ED /* Signup.json */,
			);
			path = Assets;
			sourceTree = "<group>";
		};
		BCD2E607C0C0CC969F8CFEA6 /* Pods */ = {
			isa = PBXGroup;
			children = (
				B659DCC12F451896BEFFE7F7 /* Pods-TodoApp.debug.xcconfig */,
				4B97FF5C56BF01A01566457A /* Pods-TodoApp.release.xcconfig */,
			);
			path = Pods;
			sourceTree = "<group>";
		};
/* End PBXGroup section */

/* Begin PBXNativeTarget section */
		91F2BE222B80916700994813 /* TodoApp */ = {
			isa = PBXNativeTarget;
			buildConfigurationList = 91F2BE372B80916800994813 /* Build configuration list for PBXNativeTarget "TodoApp" */;
			buildPhases = (
				7353EDA9C5DD4E99966C32AB /* [CP] Check Pods Manifest.lock */,
				91F2BE1F2B80916700994813 /* Sources */,
				91F2BE202B80916700994813 /* Frameworks */,
				91F2BE212B80916700994813 /* Resources */,
				BFACC6828AFD1C10C09A335C /* [CP] Embed Pods Frameworks */,
			);
			buildRules = (
			);
			dependencies = (
			);
			name = TodoApp;
			productName = TodoApp;
			productReference = 91F2BE232B80916700994813 /* TodoApp.app */;
			productType = "com.apple.product-type.application";
		};
/* End PBXNativeTarget section */

/* Begin PBXProject section */
		91F2BE1B2B80916700994813 /* Project object */ = {
			isa = PBXProject;
			attributes = {
				BuildIndependentTargetsInParallel = 1;
				LastSwiftUpdateCheck = 1500;
				LastUpgradeCheck = 1500;
				TargetAttributes = {
					91F2BE222B80916700994813 = {
						CreatedOnToolsVersion = 15.0.1;
					};
				};
			};
			buildConfigurationList = 91F2BE1E2B80916700994813 /* Build configuration list for PBXProject "TodoApp" */;
			compatibilityVersion = "Xcode 14.0";
			developmentRegion = en;
			hasScannedForEncodings = 0;
			knownRegions = (
				en,
				Base,
			);
			mainGroup = 91F2BE1A2B80916700994813;
			productRefGroup = 91F2BE242B80916700994813 /* Products */;
			projectDirPath = "";
			projectRoot = "";
			targets = (
				91F2BE222B80916700994813 /* TodoApp */,
			);
		};
/* End PBXProject section */

/* Begin PBXResourcesBuildPhase section */
		91F2BE212B80916700994813 /* Resources */ = {
			isa = PBXResourcesBuildPhase;
			buildActionMask = 2147483647;
			files = (
				91F2BE332B80916800994813 /* LaunchScreen.storyboard in Resources */,
				91C6AF222B8F398D00092DE0 /* GoogleService-Info.plist in Resources */,
				91F785A42B92705A006FB5ED /* Login-page.json in Resources */,
				91F2BE302B80916800994813 /* Assets.xcassets in Resources */,
				91F2BE2E2B80916700994813 /* Main.storyboard in Resources */,
				91F785A32B92705A006FB5ED /* Signup.json in Resources */,
			);
			runOnlyForDeploymentPostprocessing = 0;
		};
/* End PBXResourcesBuildPhase section */

/* Begin PBXShellScriptBuildPhase section */
		7353EDA9C5DD4E99966C32AB /* [CP] Check Pods Manifest.lock */ = {
			isa = PBXShellScriptBuildPhase;
			buildActionMask = 2147483647;
			files = (
			);
			inputFileListPaths = (
			);
			inputPaths = (
				"${PODS_PODFILE_DIR_PATH}/Podfile.lock",
				"${PODS_ROOT}/Manifest.lock",
			);
			name = "[CP] Check Pods Manifest.lock";
			outputFileListPaths = (
			);
			outputPaths = (
				"$(DERIVED_FILE_DIR)/Pods-TodoApp-checkManifestLockResult.txt",
			);
			runOnlyForDeploymentPostprocessing = 0;
			shellPath = /bin/sh;
			shellScript = "diff \"${PODS_PODFILE_DIR_PATH}/Podfile.lock\" \"${PODS_ROOT}/Manifest.lock\" > /dev/null\nif [ $? != 0 ] ; then\n    # print error to STDERR\n    echo \"error: The sandbox is not in sync with the Podfile.lock. Run 'pod install' or update your CocoaPods installation.\" >&2\n    exit 1\nfi\n# This output is used by Xcode 'outputs' to avoid re-running this script phase.\necho \"SUCCESS\" > \"${SCRIPT_OUTPUT_FILE_0}\"\n";
			showEnvVarsInLog = 0;
		};
		BFACC6828AFD1C10C09A335C /* [CP] Embed Pods Frameworks */ = {
			isa = PBXShellScriptBuildPhase;
			buildActionMask = 2147483647;
			files = (
			);
			inputFileListPaths = (
				"${PODS_ROOT}/Target Support Files/Pods-TodoApp/Pods-TodoApp-frameworks-${CONFIGURATION}-input-files.xcfilelist",
			);
			name = "[CP] Embed Pods Frameworks";
			outputFileListPaths = (
				"${PODS_ROOT}/Target Support Files/Pods-TodoApp/Pods-TodoApp-frameworks-${CONFIGURATION}-output-files.xcfilelist",
			);
			runOnlyForDeploymentPostprocessing = 0;
			shellPath = /bin/sh;
			shellScript = "\"${PODS_ROOT}/Target Support Files/Pods-TodoApp/Pods-TodoApp-frameworks.sh\"\n";
			showEnvVarsInLog = 0;
		};
/* End PBXShellScriptBuildPhase section */

/* Begin PBXSourcesBuildPhase section */
		91F2BE1F2B80916700994813 /* Sources */ = {
			isa = PBXSourcesBuildPhase;
			buildActionMask = 2147483647;
			files = (
				91B519562B83365300054F7E /* AllListViewController.swift in Sources */,
				91E409972B835B1E0092FD36 /* ListDetailViewController.swift in Sources */,
				91F2BE272B80916700994813 /* AppDelegate.swift in Sources */,
				91A9035A2B82169800C7F3E9 /* ItemDetailViewController.swift in Sources */,
				91F2BE3B2B8091E900994813 /* CheckListTableViewController.swift in Sources */,
				91A903582B80B23E00C7F3E9 /* CheckListItem.swift in Sources */,
				91F785972B91D97C006FB5ED /* SignUpViewController.swift in Sources */,
				91EA4A122B89F1AD0070C333 /* PickIconViewController.swift in Sources */,
				91F785992B91D98E006FB5ED /* LoginViewController.swift in Sources */,
				91F2BE292B80916700994813 /* SceneDelegate.swift in Sources */,
			);
			runOnlyForDeploymentPostprocessing = 0;
		};
/* End PBXSourcesBuildPhase section */

/* Begin PBXVariantGroup section */
		91F2BE2C2B80916700994813 /* Main.storyboard */ = {
			isa = PBXVariantGroup;
			children = (
				91F2BE2D2B80916700994813 /* Base */,
			);
			name = Main.storyboard;
			sourceTree = "<group>";
		};
		91F2BE312B80916800994813 /* LaunchScreen.storyboard */ = {
			isa = PBXVariantGroup;
			children = (
				91F2BE322B80916800994813 /* Base */,
			);
			name = LaunchScreen.storyboard;
			sourceTree = "<group>";
		};
/* End PBXVariantGroup section */

/* Begin XCBuildConfiguration section */
		91F2BE352B80916800994813 /* Debug */ = {
			isa = XCBuildConfiguration;
			buildSettings = {
				ALWAYS_SEARCH_USER_PATHS = NO;
				ASSETCATALOG_COMPILER_GENERATE_SWIFT_ASSET_SYMBOL_EXTENSIONS = YES;
				CLANG_ANALYZER_NONNULL = YES;
				CLANG_ANALYZER_NUMBER_OBJECT_CONVERSION = YES_AGGRESSIVE;
				CLANG_CXX_LANGUAGE_STANDARD = "gnu++20";
				CLANG_ENABLE_MODULES = YES;
				CLANG_ENABLE_OBJC_ARC = YES;
				CLANG_ENABLE_OBJC_WEAK = YES;
				CLANG_WARN_BLOCK_CAPTURE_AUTORELEASING = YES;
				CLANG_WARN_BOOL_CONVERSION = YES;
				CLANG_WARN_COMMA = YES;
				CLANG_WARN_CONSTANT_CONVERSION = YES;
				CLANG_WARN_DEPRECATED_OBJC_IMPLEMENTATIONS = YES;
				CLANG_WARN_DIRECT_OBJC_ISA_USAGE = YES_ERROR;
				CLANG_WARN_DOCUMENTATION_COMMENTS = YES;
				CLANG_WARN_EMPTY_BODY = YES;
				CLANG_WARN_ENUM_CONVERSION = YES;
				CLANG_WARN_INFINITE_RECURSION = YES;
				CLANG_WARN_INT_CONVERSION = YES;
				CLANG_WARN_NON_LITERAL_NULL_CONVERSION = YES;
				CLANG_WARN_OBJC_IMPLICIT_RETAIN_SELF = YES;
				CLANG_WARN_OBJC_LITERAL_CONVERSION = YES;
				CLANG_WARN_OBJC_ROOT_CLASS = YES_ERROR;
				CLANG_WARN_QUOTED_INCLUDE_IN_FRAMEWORK_HEADER = YES;
				CLANG_WARN_RANGE_LOOP_ANALYSIS = YES;
				CLANG_WARN_STRICT_PROTOTYPES = YES;
				CLANG_WARN_SUSPICIOUS_MOVE = YES;
				CLANG_WARN_UNGUARDED_AVAILABILITY = YES_AGGRESSIVE;
				CLANG_WARN_UNREACHABLE_CODE = YES;
				CLANG_WARN__DUPLICATE_METHOD_MATCH = YES;
				COPY_PHASE_STRIP = NO;
				DEBUG_INFORMATION_FORMAT = dwarf;
				ENABLE_STRICT_OBJC_MSGSEND = YES;
				ENABLE_TESTABILITY = YES;
				ENABLE_USER_SCRIPT_SANDBOXING = NO;
				GCC_C_LANGUAGE_STANDARD = gnu17;
				GCC_DYNAMIC_NO_PIC = NO;
				GCC_NO_COMMON_BLOCKS = YES;
				GCC_OPTIMIZATION_LEVEL = 0;
				GCC_PREPROCESSOR_DEFINITIONS = (
					"DEBUG=1",
					"$(inherited)",
				);
				GCC_WARN_64_TO_32_BIT_CONVERSION = YES;
				GCC_WARN_ABOUT_RETURN_TYPE = YES_ERROR;
				GCC_WARN_UNDECLARED_SELECTOR = YES;
				GCC_WARN_UNINITIALIZED_AUTOS = YES_AGGRESSIVE;
				GCC_WARN_UNUSED_FUNCTION = YES;
				GCC_WARN_UNUSED_VARIABLE = YES;
				IPHONEOS_DEPLOYMENT_TARGET = 17.0;
				LOCALIZATION_PREFERS_STRING_CATALOGS = YES;
				MTL_ENABLE_DEBUG_INFO = INCLUDE_SOURCE;
				MTL_FAST_MATH = YES;
				ONLY_ACTIVE_ARCH = YES;
				SDKROOT = iphoneos;
				SWIFT_ACTIVE_COMPILATION_CONDITIONS = "DEBUG $(inherited)";
				SWIFT_OPTIMIZATION_LEVEL = "-Onone";
			};
			name = Debug;
		};
		91F2BE362B80916800994813 /* Release */ = {
			isa = XCBuildConfiguration;
			buildSettings = {
				ALWAYS_SEARCH_USER_PATHS = NO;
				ASSETCATALOG_COMPILER_GENERATE_SWIFT_ASSET_SYMBOL_EXTENSIONS = YES;
				CLANG_ANALYZER_NONNULL = YES;
				CLANG_ANALYZER_NUMBER_OBJECT_CONVERSION = YES_AGGRESSIVE;
				CLANG_CXX_LANGUAGE_STANDARD = "gnu++20";
				CLANG_ENABLE_MODULES = YES;
				CLANG_ENABLE_OBJC_ARC = YES;
				CLANG_ENABLE_OBJC_WEAK = YES;
				CLANG_WARN_BLOCK_CAPTURE_AUTORELEASING = YES;
				CLANG_WARN_BOOL_CONVERSION = YES;
				CLANG_WARN_COMMA = YES;
				CLANG_WARN_CONSTANT_CONVERSION = YES;
				CLANG_WARN_DEPRECATED_OBJC_IMPLEMENTATIONS = YES;
				CLANG_WARN_DIRECT_OBJC_ISA_USAGE = YES_ERROR;
				CLANG_WARN_DOCUMENTATION_COMMENTS = YES;
				CLANG_WARN_EMPTY_BODY = YES;
				CLANG_WARN_ENUM_CONVERSION = YES;
				CLANG_WARN_INFINITE_RECURSION = YES;
				CLANG_WARN_INT_CONVERSION = YES;
				CLANG_WARN_NON_LITERAL_NULL_CONVERSION = YES;
				CLANG_WARN_OBJC_IMPLICIT_RETAIN_SELF = YES;
				CLANG_WARN_OBJC_LITERAL_CONVERSION = YES;
				CLANG_WARN_OBJC_ROOT_CLASS = YES_ERROR;
				CLANG_WARN_QUOTED_INCLUDE_IN_FRAMEWORK_HEADER = YES;
				CLANG_WARN_RANGE_LOOP_ANALYSIS = YES;
				CLANG_WARN_STRICT_PROTOTYPES = YES;
				CLANG_WARN_SUSPICIOUS_MOVE = YES;
				CLANG_WARN_UNGUARDED_AVAILABILITY = YES_AGGRESSIVE;
				CLANG_WARN_UNREACHABLE_CODE = YES;
				CLANG_WARN__DUPLICATE_METHOD_MATCH = YES;
				COPY_PHASE_STRIP = NO;
				DEBUG_INFORMATION_FORMAT = "dwarf-with-dsym";
				ENABLE_NS_ASSERTIONS = NO;
				ENABLE_STRICT_OBJC_MSGSEND = YES;
				ENABLE_USER_SCRIPT_SANDBOXING = NO;
				GCC_C_LANGUAGE_STANDARD = gnu17;
				GCC_NO_COMMON_BLOCKS = YES;
				GCC_WARN_64_TO_32_BIT_CONVERSION = YES;
				GCC_WARN_ABOUT_RETURN_TYPE = YES_ERROR;
				GCC_WARN_UNDECLARED_SELECTOR = YES;
				GCC_WARN_UNINITIALIZED_AUTOS = YES_AGGRESSIVE;
				GCC_WARN_UNUSED_FUNCTION = YES;
				GCC_WARN_UNUSED_VARIABLE = YES;
				IPHONEOS_DEPLOYMENT_TARGET = 17.0;
				LOCALIZATION_PREFERS_STRING_CATALOGS = YES;
				MTL_ENABLE_DEBUG_INFO = NO;
				MTL_FAST_MATH = YES;
				SDKROOT = iphoneos;
				SWIFT_COMPILATION_MODE = wholemodule;
				VALIDATE_PRODUCT = YES;
			};
			name = Release;
		};
		91F2BE382B80916800994813 /* Debug */ = {
			isa = XCBuildConfiguration;
			baseConfigurationReference = B659DCC12F451896BEFFE7F7 /* Pods-TodoApp.debug.xcconfig */;
			buildSettings = {
				ASSETCATALOG_COMPILER_APPICON_NAME = AppIcon;
				ASSETCATALOG_COMPILER_GLOBAL_ACCENT_COLOR_NAME = AccentColor;
				CODE_SIGN_STYLE = Automatic;
				CURRENT_PROJECT_VERSION = 1;
				DEVELOPMENT_TEAM = ZS2V7YJL4L;
				GENERATE_INFOPLIST_FILE = YES;
				INFOPLIST_FILE = TodoApp/Info.plist;
				INFOPLIST_KEY_CFBundleDisplayName = TodoApp;
				INFOPLIST_KEY_UIApplicationSupportsIndirectInputEvents = YES;
				INFOPLIST_KEY_UILaunchStoryboardName = LaunchScreen;
				INFOPLIST_KEY_UIMainStoryboardFile = Main;
				INFOPLIST_KEY_UISupportedInterfaceOrientations_iPad = "UIInterfaceOrientationPortrait UIInterfaceOrientationPortraitUpsideDown UIInterfaceOrientationLandscapeLeft UIInterfaceOrientationLandscapeRight";
				INFOPLIST_KEY_UISupportedInterfaceOrientations_iPhone = "UIInterfaceOrientationPortrait UIInterfaceOrientationLandscapeLeft UIInterfaceOrientationLandscapeRight";
				LD_RUNPATH_SEARCH_PATHS = (
					"$(inherited)",
					"@executable_path/Frameworks",
				);
				MARKETING_VERSION = 1.0;
				PRODUCT_BUNDLE_IDENTIFIER = doniyornormuxammedov.TodoApp;
				PRODUCT_NAME = "$(TARGET_NAME)";
				SUPPORTED_PLATFORMS = "iphoneos iphonesimulator";
				SUPPORTS_MACCATALYST = NO;
				SUPPORTS_MAC_DESIGNED_FOR_IPHONE_IPAD = NO;
				SWIFT_EMIT_LOC_STRINGS = YES;
				SWIFT_VERSION = 5.0;
				TARGETED_DEVICE_FAMILY = "1,2";
			};
			name = Debug;
		};
		91F2BE392B80916800994813 /* Release */ = {
			isa = XCBuildConfiguration;
			baseConfigurationReference = 4B97FF5C56BF01A01566457A /* Pods-TodoApp.release.xcconfig */;
			buildSettings = {
				ASSETCATALOG_COMPILER_APPICON_NAME = AppIcon;
				ASSETCATALOG_COMPILER_GLOBAL_ACCENT_COLOR_NAME = AccentColor;
				CODE_SIGN_STYLE = Automatic;
				CURRENT_PROJECT_VERSION = 1;
				DEVELOPMENT_TEAM = ZS2V7YJL4L;
				GENERATE_INFOPLIST_FILE = YES;
				INFOPLIST_FILE = TodoApp/Info.plist;
				INFOPLIST_KEY_CFBundleDisplayName = TodoApp;
				INFOPLIST_KEY_UIApplicationSupportsIndirectInputEvents = YES;
				INFOPLIST_KEY_UILaunchStoryboardName = LaunchScreen;
				INFOPLIST_KEY_UIMainStoryboardFile = Main;
				INFOPLIST_KEY_UISupportedInterfaceOrientations_iPad = "UIInterfaceOrientationPortrait UIInterfaceOrientationPortraitUpsideDown UIInterfaceOrientationLandscapeLeft UIInterfaceOrientationLandscapeRight";
				INFOPLIST_KEY_UISupportedInterfaceOrientations_iPhone = "UIInterfaceOrientationPortrait UIInterfaceOrientationLandscapeLeft UIInterfaceOrientationLandscapeRight";
				LD_RUNPATH_SEARCH_PATHS = (
					"$(inherited)",
					"@executable_path/Frameworks",
				);
				MARKETING_VERSION = 1.0;
				PRODUCT_BUNDLE_IDENTIFIER = doniyornormuxammedov.TodoApp;
				PRODUCT_NAME = "$(TARGET_NAME)";
				SUPPORTED_PLATFORMS = "iphoneos iphonesimulator";
				SUPPORTS_MACCATALYST = NO;
				SUPPORTS_MAC_DESIGNED_FOR_IPHONE_IPAD = NO;
				SWIFT_EMIT_LOC_STRINGS = YES;
				SWIFT_VERSION = 5.0;
				TARGETED_DEVICE_FAMILY = "1,2";
			};
			name = Release;
		};
/* End XCBuildConfiguration section */

/* Begin XCConfigurationList section */
		91F2BE1E2B80916700994813 /* Build configuration list for PBXProject "TodoApp" */ = {
			isa = XCConfigurationList;
			buildConfigurations = (
				91F2BE352B80916800994813 /* Debug */,
				91F2BE362B80916800994813 /* Release */,
			);
			defaultConfigurationIsVisible = 0;
			defaultConfigurationName = Release;
		};
		91F2BE372B80916800994813 /* Build configuration list for PBXNativeTarget "TodoApp" */ = {
			isa = XCConfigurationList;
			buildConfigurations = (
				91F2BE382B80916800994813 /* Debug */,
				91F2BE392B80916800994813 /* Release */,
			);
			defaultConfigurationIsVisible = 0;
			defaultConfigurationName = Release;
		};
/* End XCConfigurationList section */
	};
	rootObject = 91F2BE1B2B80916700994813 /* Project object */;
}
